<?xml version="1.0" encoding="utf-8"?>
<Project ToolsVersion="4.0" xmlns="http://schemas.microsoft.com/developer/msbuild/2003">
  <ItemGroup>
    <Filter Include="Source Files">
      <UniqueIdentifier>{4FC737F1-C7A5-4376-A066-2A32D752A2FF}</UniqueIdentifier>
      <Extensions>cpp;c;cc;cxx;def;odl;idl;hpj;bat;asm;asmx</Extensions>
    </Filter>
    <Filter Include="Header Files">
      <UniqueIdentifier>{93995380-89BD-4b04-88EB-625FBE52EBFB}</UniqueIdentifier>
      <Extensions>h;hh;hpp;hxx;hm;inl;inc;ipp;xsd</Extensions>
    </Filter>
    <Filter Include="Resource Files">
      <UniqueIdentifier>{67DA6AB6-F800-4c08-8B7A-83BB121AAD01}</UniqueIdentifier>
      <Extensions>rc;ico;cur;bmp;dlg;rc2;rct;bin;rgs;gif;jpg;jpeg;jpe;resx;tiff;tif;png;wav;mfcribbon-ms</Extensions>
    </Filter>
    <Filter Include="Header Files\Database">
      <UniqueIdentifier>{b5182b97-e339-4dbb-b71f-c77e5a184f6b}</UniqueIdentifier>
    </Filter>
    <Filter Include="Header Files\Taxonomy">
      <UniqueIdentifier>{d0bc2501-fdd2-4eba-a40a-8e6a424c16ec}</UniqueIdentifier>
    </Filter>
    <Filter Include="Header Files\Location">
      <UniqueIdentifier>{3c54e735-068a-4f32-8be5-0fc558c6524b}</UniqueIdentifier>
    </Filter>
    <Filter Include="Header Files\Algorithm">
      <UniqueIdentifier>{c19622f2-aef6-4ca4-adec-ff2ee89a0de1}</UniqueIdentifier>
    </Filter>
  </ItemGroup>
  <ItemGroup>
    <ClInclude Include="DataBase.hpp">
      <Filter>Header Files\Database</Filter>
    </ClInclude>
    <ClInclude Include="Animalia.hpp">
      <Filter>Header Files\Taxonomy</Filter>
    </ClInclude>
    <ClInclude Include="Chordata.hpp">
      <Filter>Header Files\Taxonomy</Filter>
    </ClInclude>
    <ClInclude Include="Class.hpp">
      <Filter>Header Files\Taxonomy</Filter>
    </ClInclude>
    <ClInclude Include="Domain.hpp">
      <Filter>Header Files\Taxonomy</Filter>
    </ClInclude>
    <ClInclude Include="Eukaryotes.hpp">
      <Filter>Header Files\Taxonomy</Filter>
    </ClInclude>
    <ClInclude Include="Kingdom.hpp">
      <Filter>Header Files\Taxonomy</Filter>
    </ClInclude>
    <ClInclude Include="Mammalia.hpp">
      <Filter>Header Files\Taxonomy</Filter>
    </ClInclude>
    <ClInclude Include="Organism.hpp">
      <Filter>Header Files\Taxonomy</Filter>
    </ClInclude>
    <ClInclude Include="Phylum.hpp">
      <Filter>Header Files\Taxonomy</Filter>
    </ClInclude>
    <ClInclude Include="Manager.hpp">
      <Filter>Header Files</Filter>
    </ClInclude>
    <ClInclude Include="OrgDataBase.hpp">
      <Filter>Header Files\Database</Filter>
    </ClInclude>
    <ClInclude Include="FieldDataBase.hpp">
      <Filter>Header Files\Database</Filter>
    </ClInclude>
    <ClInclude Include="Timer.hpp">
      <Filter>Header Files\Database</Filter>
    </ClInclude>
    <ClInclude Include="Location.hpp">
      <Filter>Header Files\Location</Filter>
    </ClInclude>
    <ClInclude Include="algorithm.h">
      <Filter>Header Files\Algorithm</Filter>
    </ClInclude>
    <ClInclude Include="humpback_whale_mp.hpp">
      <Filter>Header Files\Algorithm</Filter>
    </ClInclude>
  </ItemGroup>
  <ItemGroup>
    <ClCompile Include="Test.cpp">
      <Filter>Source Files</Filter>
    </ClCompile>
  </ItemGroup>
</Project>